{
  "name": "@codebolt/sample-static-site-preview-provider",
  "version": "0.1.0",
  "lockfileVersion": 3,
  "requires": true,
  "packages": {
    "": {
      "name": "@codebolt/sample-static-site-preview-provider",
      "version": "0.1.0",
      "dependencies": {
        "@codebolt/cloud-sdk": "file:../../CodeBolt/sdks/cloudsdk",
        "ws": "^8.18.3"
      },
      "engines": {
        "node": ">=18"
      }
    },
    "../../CodeBolt/sdks/cloudsdk": {
      "name": "@codebolt/cloud-sdk",
      "version": "0.1.0",
      "license": "MIT",
      "dependencies": {
        "ws": "^8.18.3"
      },
      "devDependencies": {
        "@types/node": "^20.14.2",
        "@types/ws": "^8.5.10",
        "typescript": "^5.4.5"
      }
    },
    "node_modules/@codebolt/cloud-sdk": {
      "resolved": "../../CodeBolt/sdks/cloudsdk",
      "link": true
    },
    "node_modules/ws": {
      "version": "8.20.0",
      "license": "MIT",
      "engines": {
        "node": ">=10.0.0"
      },
      "peerDependencies": {
        "bufferutil": "^4.0.1",
        "utf-8-validate": ">=5.0.2"
      },
      "peerDependenciesMeta": {
        "bufferutil": {
          "optional": true
        },
        "utf-8-validate": {
          "optional": true
        }
      }
    }
  }
}
