{
  "name": "api-docs-index-tool-tester",
  "version": "0.1.0",
  "lockfileVersion": 3,
  "requires": true,
  "packages": {
    "": {
      "name": "api-docs-index-tool-tester",
      "version": "0.1.0",
      "dependencies": {
        "@codebolt/agent": "file:/Users/ravirawat/Documents/codeboltai/AiEditor/CodeBolt/sdks/agent",
        "@codebolt/api-docs-index": "file:/Users/ravirawat/Documents/codeboltai/AiEditor/CodeBolt/sdks/api-docs-index",
        "@codebolt/codeboltjs": "file:/Users/ravirawat/Documents/codeboltai/AiEditor/CodeBolt/sdks/codeboltjs",
        "zod": "^3.22.4"
      }
    },
    "../../../CodeBolt/sdks/agent": {
      "name": "@codebolt/agent",
      "version": "6.1.24",
      "license": "MIT",
      "dependencies": {
        "@codebolt/types": "*",
        "js-yaml": "^4.1.0",
        "zod": "^3.22.4"
      },
      "devDependencies": {
        "@codebolt/codeboltjs": "*",
        "@codebolt/types": "*",
        "@eslint/js": "^8.57.1",
        "@types/js-yaml": "^4.0.9",
        "@types/node": "^20.14.2",
        "@types/uri-templates": "^0.1.34",
        "@types/ws": "^8.5.10",
        "eslint": "^8.57.1",
        "typedoc": "0.28.16",
        "typedoc-plugin-markdown": "4.9.0",
        "typescript": "^5.4.5",
        "typescript-eslint": "^7.18.0"
      },
      "peerDependencies": {
        "@codebolt/codeboltjs": "*"
      }
    },
    "../../../CodeBolt/sdks/api-docs-index": {
      "name": "@codebolt/api-docs-index",
      "version": "0.1.1",
      "license": "MIT",
      "dependencies": {
        "js-yaml": "^4.1.0",
        "minisearch": "^7.2.0",
        "zod": "^3.22.4"
      },
      "bin": {
        "codebolt-api-docs-index": "dist/cli.js"
      },
      "devDependencies": {
        "@codebolt/agent": "*",
        "@codebolt/codeboltjs": "*",
        "@codebolt/types": "*",
        "@types/js-yaml": "^4.0.9",
        "@types/node": "^20.14.2",
        "typescript": "^5.4.5"
      },
      "peerDependencies": {
        "@codebolt/agent": "*",
        "@codebolt/codeboltjs": "*"
      }
    },
    "../../../CodeBolt/sdks/codeboltjs": {
      "name": "@codebolt/codeboltjs",
      "version": "5.1.47",
      "license": "MIT",
      "dependencies": {
        "@codebolt/types": "*",
        "@modelcontextprotocol/sdk": "^1.29.0",
        "@types/uuid": "^10.0.0",
        "buffer": "^6.0.3",
        "execa": "^9.5.2",
        "js-yaml": "^4.1.0",
        "minisearch": "^7.2.0",
        "os-browserify": "^0.3.0",
        "path-browserify": "^1.0.1",
        "stream-browserify": "^3.0.0",
        "timers": "^0.1.1",
        "util": "^0.12.5",
        "uuid": "^11.1.0",
        "ws": "^8.18.3",
        "yargs": "^17.7.2"
      },
      "devDependencies": {
        "@types/events": "^3.0.3",
        "@types/jest": "^29.5.14",
        "@types/js-yaml": "^4.0.9",
        "@types/node": "^20.14.2",
        "@types/uri-templates": "^0.1.34",
        "@types/ws": "^8.5.10",
        "fast-check": "^4.5.3",
        "jest": "^30.2.0",
        "jest-serial-runner": "^1.2.1",
        "ts-jest": "^29.1.2",
        "ts-loader": "^9.5.1",
        "typedoc": "0.28.16",
        "typedoc-plugin-markdown": "4.9.0",
        "typedoc-plugin-missing-exports": "^4.1.0",
        "typescript": "^5.4.5",
        "webpack": "^5.102.1",
        "webpack-cli": "^5.1.4"
      }
    },
    "node_modules/@codebolt/agent": {
      "resolved": "../../../CodeBolt/sdks/agent",
      "link": true
    },
    "node_modules/@codebolt/api-docs-index": {
      "resolved": "../../../CodeBolt/sdks/api-docs-index",
      "link": true
    },
    "node_modules/@codebolt/codeboltjs": {
      "resolved": "../../../CodeBolt/sdks/codeboltjs",
      "link": true
    },
    "node_modules/zod": {
      "version": "3.25.76",
      "resolved": "https://registry.npmjs.org/zod/-/zod-3.25.76.tgz",
      "integrity": "sha512-gzUt/qt81nXsFGKIFcC3YnfEAx5NkunCfnDlvuBSSFS02bcXu4Lmea0AFIUwbLWxWPx3d9p8S5QoaujKcNQxcQ==",
      "license": "MIT",
      "funding": {
        "url": "https://github.com/sponsors/colinhacks"
      }
    }
  }
}
