name: platformMofier-generate-dynamic-panel
description: Generates a dynamic panel plugin scaffold.
version: 1.0.0
entryPoint: dist/index.js
metadata:
  executionModel: side-execution-mini-agent
  feature: dynamic-panel
  agentLoop:
    reference: /Users/ravirawat/Documents/codeboltai/AiEditor/codeboltjs/agents/act-updated
    steps:
      - plan
      - write
      - verify
      - repair-if-needed
  inputs:
    - name: spec
      type: object
      required: true
  outputs:
    - name: success
      type: boolean
    - name: artifactPath
      type: string
    - name: filesCreated
      type: array
