{
  "name": "artifact-preview-provider-plugin",
  "version": "1.0.0",
  "lockfileVersion": 3,
  "requires": true,
  "packages": {
    "": {
      "name": "artifact-preview-provider-plugin",
      "version": "1.0.0",
      "dependencies": {
        "@codebolt/plugin-sdk": "file:/Users/ravirawat/Documents/codeboltai/AiEditor/CodeBolt/sdks/pluginSdk"
      }
    },
    "../../../Documents/codeboltai/AiEditor/CodeBolt/sdks/pluginSdk": {
      "name": "@codebolt/plugin-sdk",
      "version": "1.0.0",
      "license": "MIT",
      "dependencies": {
        "@codebolt/types": "*",
        "@types/uuid": "^10.0.0",
        "axios": "^1.6.8",
        "socket.io-client": "^4.7.5",
        "uuid": "^11.1.0",
        "ws": "^8.18.3"
      },
      "devDependencies": {
        "@types/node": "^20.14.2",
        "@types/ws": "^8.5.10",
        "typescript": "^5.4.5"
      }
    },
    "node_modules/@codebolt/plugin-sdk": {
      "resolved": "../../../Documents/codeboltai/AiEditor/CodeBolt/sdks/pluginSdk",
      "link": true
    }
  }
}
