{
  "name": "checkagent",
  "version": "0.1.0",
  "lockfileVersion": 3,
  "requires": true,
  "packages": {
    "": {
      "name": "checkagent",
      "version": "0.1.0",
      "license": "MIT",
      "dependencies": {
        "@codebolt/codeboltjs": "file:/Users/ravirawat/Documents/codeboltai/AiEditor/CodeBolt/sdks/codeboltjs",
        "yaml": "^2.7.0"
      }
    },
    "../../../CodeBolt/sdks/codeboltjs": {
      "name": "@codebolt/codeboltjs",
      "version": "5.1.40",
      "license": "MIT",
      "dependencies": {
        "@codebolt/types": "*",
        "@modelcontextprotocol/sdk": "^1.29.0",
        "@types/uuid": "^10.0.0",
        "buffer": "^6.0.3",
        "execa": "^9.5.2",
        "js-yaml": "^4.1.0",
        "minisearch": "^7.2.0",
        "os-browserify": "^0.3.0",
        "path-browserify": "^1.0.1",
        "stream-browserify": "^3.0.0",
        "timers": "^0.1.1",
        "util": "^0.12.5",
        "uuid": "^11.1.0",
        "ws": "^8.18.3",
        "yargs": "^17.7.2"
      },
      "devDependencies": {
        "@types/events": "^3.0.3",
        "@types/jest": "^29.5.14",
        "@types/js-yaml": "^4.0.9",
        "@types/node": "^20.14.2",
        "@types/uri-templates": "^0.1.34",
        "@types/ws": "^8.5.10",
        "fast-check": "^4.5.3",
        "jest": "^30.2.0",
        "jest-serial-runner": "^1.2.1",
        "ts-jest": "^29.1.2",
        "ts-loader": "^9.5.1",
        "typedoc": "0.28.16",
        "typedoc-plugin-markdown": "4.9.0",
        "typedoc-plugin-missing-exports": "^4.1.0",
        "typescript": "^5.4.5",
        "webpack": "^5.102.1",
        "webpack-cli": "^5.1.4"
      }
    },
    "node_modules/@codebolt/codeboltjs": {
      "resolved": "../../../CodeBolt/sdks/codeboltjs",
      "link": true
    },
    "node_modules/yaml": {
      "version": "2.9.0",
      "resolved": "https://registry.npmjs.org/yaml/-/yaml-2.9.0.tgz",
      "integrity": "sha512-2AvhNX3mb8zd6Zy7INTtSpl1F15HW6Wnqj0srWlkKLcpYl/gMIMJiyuGq2KeI2YFxUPjdlB+3Lc10seMLtL4cA==",
      "license": "ISC",
      "bin": {
        "yaml": "bin.mjs"
      },
      "engines": {
        "node": ">= 14.6"
      },
      "funding": {
        "url": "https://github.com/sponsors/eemeli"
      }
    }
  }
}
